
Microsoft Visual Studio Solution File, Format Version 12.00
# Visual Studio Version 16
VisualStudioVersion = 16.0.31025.194
MinimumVisualStudioVersion = 10.0.40219.1
Project("{FAE04EC0-301F-11D3-BF4B-00C04F79EFBC}") = "WgsTestMvc", "WgsTestMvc\WgsTestMvc.csproj", "{1D91619B-C1BA-4817-8C16-92C8433807BC}"
EndProject
Global
	GlobalSection(SolutionConfigurationPlatforms) = preSolution
		Debug|Any CPU = Debug|Any CPU
		Release|Any CPU = Release|Any CPU
	EndGlobalSection
	GlobalSection(ProjectConfigurationPlatforms) = postSolution
		{1D91619B-C1BA-4817-8C16-92C8433807BC}.Debug|Any CPU.ActiveCfg = Debug|Any CPU
		{1D91619B-C1BA-4817-8C16-92C8433807BC}.Debug|Any CPU.Build.0 = Debug|Any CPU
		{1D91619B-C1BA-4817-8C16-92C8433807BC}.Release|Any CPU.ActiveCfg = Release|Any CPU
		{1D91619B-C1BA-4817-8C16-92C8433807BC}.Release|Any CPU.Build.0 = Release|Any CPU
	EndGlobalSection
	GlobalSection(SolutionProperties) = preSolution
		HideSolutionNode = FALSE
	EndGlobalSection
	GlobalSection(ExtensibilityGlobals) = postSolution
		SolutionGuid = {84192B8C-45AF-4108-A0AC-FC36099F47BE}
	EndGlobalSection
EndGlobal
